// !$*UTF8*$!
{
	archiveVersion = 1;
	classes = {
	};
	objectVersion = 46;
	objects = {

/* Begin PBXBuildFile section */
		B42BB8C919625E7700FFDA27 /* HKAnimation.m in Sources */ = {isa = PBXBuildFile; fileRef = B42BB8C819625E7700FFDA27 /* HKAnimation.m */; };
		B42BB8DE19625F5000FFDA27 /* AFHTTPRequestOperation.m in Sources */ = {isa = PBXBuildFile; fileRef = B42BB8CC19625F5000FFDA27 /* AFHTTPRequestOperation.m */; };
		B42BB8DF19625F5000FFDA27 /* AFHTTPRequestOperationManager.m in Sources */ = {isa = PBXBuildFile; fileRef = B42BB8CE19625F5000FFDA27 /* AFHTTPRequestOperationManager.m */; };
		B42BB8E019625F5000FFDA27 /* AFHTTPSessionManager.m in Sources */ = {isa = PBXBuildFile; fileRef = B42BB8D019625F5000FFDA27 /* AFHTTPSessionManager.m */; };
		B42BB8E119625F5000FFDA27 /* AFNetworkReachabilityManager.m in Sources */ = {isa = PBXBuildFile; fileRef = B42BB8D319625F5000FFDA27 /* AFNetworkReachabilityManager.m */; };
		B42BB8E219625F5000FFDA27 /* AFSecurityPolicy.m in Sources */ = {isa = PBXBuildFile; fileRef = B42BB8D519625F5000FFDA27 /* AFSecurityPolicy.m */; };
		B42BB8E319625F5000FFDA27 /* AFURLConnectionOperation.m in Sources */ = {isa = PBXBuildFile; fileRef = B42BB8D719625F5000FFDA27 /* AFURLConnectionOperation.m */; };
		B42BB8E419625F5000FFDA27 /* AFURLRequestSerialization.m in Sources */ = {isa = PBXBuildFile; fileRef = B42BB8D919625F5000FFDA27 /* AFURLRequestSerialization.m */; };
		B42BB8E519625F5000FFDA27 /* AFURLResponseSerialization.m in Sources */ = {isa = PBXBuildFile; fileRef = B42BB8DB19625F5000FFDA27 /* AFURLResponseSerialization.m */; };
		B42BB8E619625F5000FFDA27 /* AFURLSessionManager.m in Sources */ = {isa = PBXBuildFile; fileRef = B42BB8DD19625F5000FFDA27 /* AFURLSessionManager.m */; };
		B42BB8EA1962601800FFDA27 /* KeyChainHelper.m in Sources */ = {isa = PBXBuildFile; fileRef = B42BB8E91962601800FFDA27 /* KeyChainHelper.m */; };
		B43C45F01966545700F0229F /* Default-568h@2x.png in Resources */ = {isa = PBXBuildFile; fileRef = B43C45EE1966545700F0229F /* Default-568h@2x.png */; };
		B43C45F11966545700F0229F /* Default@2x.png in Resources */ = {isa = PBXBuildFile; fileRef = B43C45EF1966545700F0229F /* Default@2x.png */; };
		B46F4FC8194EF3FC0005D4BB /* AppDelegate.swift in Sources */ = {isa = PBXBuildFile; fileRef = B46F4FC7194EF3FC0005D4BB /* AppDelegate.swift */; };
		B46F4FCA194EF3FC0005D4BB /* FirstViewController.swift in Sources */ = {isa = PBXBuildFile; fileRef = B46F4FC9194EF3FC0005D4BB /* FirstViewController.swift */; };
		B46F4FCC194EF3FC0005D4BB /* SecondViewController.swift in Sources */ = {isa = PBXBuildFile; fileRef = B46F4FCB194EF3FC0005D4BB /* SecondViewController.swift */; };
		B46F4FCF194EF3FC0005D4BB /* Main.storyboard in Resources */ = {isa = PBXBuildFile; fileRef = B46F4FCD194EF3FC0005D4BB /* Main.storyboard */; };
		B46F4FD1194EF3FC0005D4BB /* Images.xcassets in Resources */ = {isa = PBXBuildFile; fileRef = B46F4FD0194EF3FC0005D4BB /* Images.xcassets */; };
		B46F4FE8194EF5E50005D4BB /* File.c in Sources */ = {isa = PBXBuildFile; fileRef = B46F4FE7194EF5E50005D4BB /* File.c */; };
		B46F4FF0194F033C0005D4BB /* HKUtility.m in Sources */ = {isa = PBXBuildFile; fileRef = B46F4FEF194F033C0005D4BB /* HKUtility.m */; };
		B477A93719612E2800DC905D /* WaterView.swift in Sources */ = {isa = PBXBuildFile; fileRef = B477A93619612E2800DC905D /* WaterView.swift */; };
		B477A93A1961451100DC905D /* CircleView.swift in Sources */ = {isa = PBXBuildFile; fileRef = B477A9391961451100DC905D /* CircleView.swift */; };
		B49189D3196A31E800ABDCED /* light_scale_h@2x.png in Resources */ = {isa = PBXBuildFile; fileRef = B49189D2196A31E800ABDCED /* light_scale_h@2x.png */; };
		B4B78C4519653369004A59E3 /* bg_iphone4@2x.png in Resources */ = {isa = PBXBuildFile; fileRef = B4B78C4219653369004A59E3 /* bg_iphone4@2x.png */; };
		B4B78C4619653369004A59E3 /* bg_iphone5@2x.png in Resources */ = {isa = PBXBuildFile; fileRef = B4B78C4319653369004A59E3 /* bg_iphone5@2x.png */; };
		B4B78C4719653369004A59E3 /* circle_base@2x.png in Resources */ = {isa = PBXBuildFile; fileRef = B4B78C4419653369004A59E3 /* circle_base@2x.png */; };
		B4B78C4A19653814004A59E3 /* inner_ring@2x.png in Resources */ = {isa = PBXBuildFile; fileRef = B4B78C4819653814004A59E3 /* inner_ring@2x.png */; };
		B4B78C4B19653814004A59E3 /* outer_ring@2x.png in Resources */ = {isa = PBXBuildFile; fileRef = B4B78C4919653814004A59E3 /* outer_ring@2x.png */; };
		B4B78C4F19655CB6004A59E3 /* light_ring@2x.png in Resources */ = {isa = PBXBuildFile; fileRef = B4B78C4C19655CB6004A59E3 /* light_ring@2x.png */; };
		B4B78C5019655CB6004A59E3 /* light_scale@2x.png in Resources */ = {isa = PBXBuildFile; fileRef = B4B78C4D19655CB6004A59E3 /* light_scale@2x.png */; };
		B4B78C5119655CB6004A59E3 /* pic_scale@2x.png in Resources */ = {isa = PBXBuildFile; fileRef = B4B78C4E19655CB6004A59E3 /* pic_scale@2x.png */; };
		B4CFFB3E1964148C00CBF7FD /* CircleRingView.swift in Sources */ = {isa = PBXBuildFile; fileRef = B4CFFB3D1964148C00CBF7FD /* CircleRingView.swift */; };
/* End PBXBuildFile section */

/* Begin PBXFileReference section */
		B42BB8C719625E7700FFDA27 /* HKAnimation.h */ = {isa = PBXFileReference; fileEncoding = 4; lastKnownFileType = sourcecode.c.h; path = HKAnimation.h; sourceTree = "<group>"; };
		B42BB8C819625E7700FFDA27 /* HKAnimation.m */ = {isa = PBXFileReference; fileEncoding = 4; lastKnownFileType = sourcecode.c.objc; path = HKAnimation.m; sourceTree = "<group>"; };
		B42BB8CB19625F5000FFDA27 /* AFHTTPRequestOperation.h */ = {isa = PBXFileReference; fileEncoding = 4; lastKnownFileType = sourcecode.c.h; path = AFHTTPRequestOperation.h; sourceTree = "<group>"; };
		B42BB8CC19625F5000FFDA27 /* AFHTTPRequestOperation.m */ = {isa = PBXFileReference; fileEncoding = 4; lastKnownFileType = sourcecode.c.objc; path = AFHTTPRequestOperation.m; sourceTree = "<group>"; };
		B42BB8CD19625F5000FFDA27 /* AFHTTPRequestOperationManager.h */ = {isa = PBXFileReference; fileEncoding = 4; lastKnownFileType = sourcecode.c.h; path = AFHTTPRequestOperationManager.h; sourceTree = "<group>"; };
		B42BB8CE19625F5000FFDA27 /* AFHTTPRequestOperationManager.m */ = {isa = PBXFileReference; fileEncoding = 4; lastKnownFileType = sourcecode.c.objc; path = AFHTTPRequestOperationManager.m; sourceTree = "<group>"; };
		B42BB8CF19625F5000FFDA27 /* AFHTTPSessionManager.h */ = {isa = PBXFileReference; fileEncoding = 4; lastKnownFileType = sourcecode.c.h; path = AFHTTPSessionManager.h; sourceTree = "<group>"; };
		B42BB8D019625F5000FFDA27 /* AFHTTPSessionManager.m */ = {isa = PBXFileReference; fileEncoding = 4; lastKnownFileType = sourcecode.c.objc; path = AFHTTPSessionManager.m; sourceTree = "<group>"; };
		B42BB8D119625F5000FFDA27 /* AFNetworking.h */ = {isa = PBXFileReference; fileEncoding = 4; lastKnownFileType = sourcecode.c.h; path = AFNetworking.h; sourceTree = "<group>"; };
		B42BB8D219625F5000FFDA27 /* AFNetworkReachabilityManager.h */ = {isa = PBXFileReference; fileEncoding = 4; lastKnownFileType = sourcecode.c.h; path = AFNetworkReachabilityManager.h; sourceTree = "<group>"; };
		B42BB8D319625F5000FFDA27 /* AFNetworkReachabilityManager.m */ = {isa = PBXFileReference; fileEncoding = 4; lastKnownFileType = sourcecode.c.objc; path = AFNetworkReachabilityManager.m; sourceTree = "<group>"; };
		B42BB8D419625F5000FFDA27 /* AFSecurityPolicy.h */ = {isa = PBXFileReference; fileEncoding = 4; lastKnownFileType = sourcecode.c.h; path = AFSecurityPolicy.h; sourceTree = "<group>"; };
		B42BB8D519625F5000FFDA27 /* AFSecurityPolicy.m */ = {isa = PBXFileReference; fileEncoding = 4; lastKnownFileType = sourcecode.c.objc; path = AFSecurityPolicy.m; sourceTree = "<group>"; };
		B42BB8D619625F5000FFDA27 /* AFURLConnectionOperation.h */ = {isa = PBXFileReference; fileEncoding = 4; lastKnownFileType = sourcecode.c.h; path = AFURLConnectionOperation.h; sourceTree = "<group>"; };
		B42BB8D719625F5000FFDA27 /* AFURLConnectionOperation.m */ = {isa = PBXFileReference; fileEncoding = 4; lastKnownFileType = sourcecode.c.objc; path = AFURLConnectionOperation.m; sourceTree = "<group>"; };
		B42BB8D819625F5000FFDA27 /* AFURLRequestSerialization.h */ = {isa = PBXFileReference; fileEncoding = 4; lastKnownFileType = sourcecode.c.h; path = AFURLRequestSerialization.h; sourceTree = "<group>"; };
		B42BB8D919625F5000FFDA27 /* AFURLRequestSerialization.m */ = {isa = PBXFileReference; fileEncoding = 4; lastKnownFileType = sourcecode.c.objc; path = AFURLRequestSerialization.m; sourceTree = "<group>"; };
		B42BB8DA19625F5000FFDA27 /* AFURLResponseSerialization.h */ = {isa = PBXFileReference; fileEncoding = 4; lastKnownFileType = sourcecode.c.h; path = AFURLResponseSerialization.h; sourceTree = "<group>"; };
		B42BB8DB19625F5000FFDA27 /* AFURLResponseSerialization.m */ = {isa = PBXFileReference; fileEncoding = 4; lastKnownFileType = sourcecode.c.objc; path = AFURLResponseSerialization.m; sourceTree = "<group>"; };
		B42BB8DC19625F5000FFDA27 /* AFURLSessionManager.h */ = {isa = PBXFileReference; fileEncoding = 4; lastKnownFileType = sourcecode.c.h; path = AFURLSessionManager.h; sourceTree = "<group>"; };
		B42BB8DD19625F5000FFDA27 /* AFURLSessionManager.m */ = {isa = PBXFileReference; fileEncoding = 4; lastKnownFileType = sourcecode.c.objc; path = AFURLSessionManager.m; sourceTree = "<group>"; };
		B42BB8E81962601800FFDA27 /* KeyChainHelper.h */ = {isa = PBXFileReference; fileEncoding = 4; lastKnownFileType = sourcecode.c.h; path = KeyChainHelper.h; sourceTree = "<group>"; };
		B42BB8E91962601800FFDA27 /* KeyChainHelper.m */ = {isa = PBXFileReference; fileEncoding = 4; lastKnownFileType = sourcecode.c.objc; path = KeyChainHelper.m; sourceTree = "<group>"; };
		B43C45EE1966545700F0229F /* Default-568h@2x.png */ = {isa = PBXFileReference; lastKnownFileType = image.png; path = "Default-568h@2x.png"; sourceTree = "<group>"; };
		B43C45EF1966545700F0229F /* Default@2x.png */ = {isa = PBXFileReference; lastKnownFileType = image.png; path = "Default@2x.png"; sourceTree = "<group>"; };
		B46F4FC2194EF3FC0005D4BB /* Lighting.app */ = {isa = PBXFileReference; explicitFileType = wrapper.application; includeInIndex = 0; path = Lighting.app; sourceTree = BUILT_PRODUCTS_DIR; };
		B46F4FC6194EF3FC0005D4BB /* Info.plist */ = {isa = PBXFileReference; lastKnownFileType = text.plist.xml; path = Info.plist; sourceTree = "<group>"; };
		B46F4FC7194EF3FC0005D4BB /* AppDelegate.swift */ = {isa = PBXFileReference; lastKnownFileType = sourcecode.swift; path = AppDelegate.swift; sourceTree = "<group>"; };
		B46F4FC9194EF3FC0005D4BB /* FirstViewController.swift */ = {isa = PBXFileReference; lastKnownFileType = sourcecode.swift; path = FirstViewController.swift; sourceTree = "<group>"; };
		B46F4FCB194EF3FC0005D4BB /* SecondViewController.swift */ = {isa = PBXFileReference; lastKnownFileType = sourcecode.swift; path = SecondViewController.swift; sourceTree = "<group>"; };
		B46F4FCE194EF3FC0005D4BB /* Base */ = {isa = PBXFileReference; lastKnownFileType = file.storyboard; name = Base; path = Base.lproj/Main.storyboard; sourceTree = "<group>"; };
		B46F4FD0194EF3FC0005D4BB /* Images.xcassets */ = {isa = PBXFileReference; lastKnownFileType = folder.assetcatalog; path = Images.xcassets; sourceTree = "<group>"; };
		B46F4FE6194EF5E50005D4BB /* SwiftLearning-Bridging-Header.h */ = {isa = PBXFileReference; lastKnownFileType = sourcecode.c.h; path = "SwiftLearning-Bridging-Header.h"; sourceTree = "<group>"; };
		B46F4FE7194EF5E50005D4BB /* File.c */ = {isa = PBXFileReference; fileEncoding = 4; lastKnownFileType = sourcecode.c.c; path = File.c; sourceTree = "<group>"; };
		B46F4FEE194F033C0005D4BB /* HKUtility.h */ = {isa = PBXFileReference; fileEncoding = 4; lastKnownFileType = sourcecode.c.h; path = HKUtility.h; sourceTree = "<group>"; };
		B46F4FEF194F033C0005D4BB /* HKUtility.m */ = {isa = PBXFileReference; fileEncoding = 4; lastKnownFileType = sourcecode.c.objc; path = HKUtility.m; sourceTree = "<group>"; };
		B46F4FF1194F03C00005D4BB /* HKDefines.h */ = {isa = PBXFileReference; fileEncoding = 4; lastKnownFileType = sourcecode.c.h; path = HKDefines.h; sourceTree = "<group>"; };
		B477A93619612E2800DC905D /* WaterView.swift */ = {isa = PBXFileReference; fileEncoding = 4; lastKnownFileType = sourcecode.swift; path = WaterView.swift; sourceTree = "<group>"; };
		B477A9391961451100DC905D /* CircleView.swift */ = {isa = PBXFileReference; fileEncoding = 4; lastKnownFileType = sourcecode.swift; path = CircleView.swift; sourceTree = "<group>"; };
		B49189D2196A31E800ABDCED /* light_scale_h@2x.png */ = {isa = PBXFileReference; lastKnownFileType = image.png; path = "light_scale_h@2x.png"; sourceTree = "<group>"; };
		B4B78C4219653369004A59E3 /* bg_iphone4@2x.png */ = {isa = PBXFileReference; lastKnownFileType = image.png; path = "bg_iphone4@2x.png"; sourceTree = "<group>"; };
		B4B78C4319653369004A59E3 /* bg_iphone5@2x.png */ = {isa = PBXFileReference; lastKnownFileType = image.png; path = "bg_iphone5@2x.png"; sourceTree = "<group>"; };
		B4B78C4419653369004A59E3 /* circle_base@2x.png */ = {isa = PBXFileReference; lastKnownFileType = image.png; path = "circle_base@2x.png"; sourceTree = "<group>"; };
		B4B78C4819653814004A59E3 /* inner_ring@2x.png */ = {isa = PBXFileReference; lastKnownFileType = image.png; path = "inner_ring@2x.png"; sourceTree = "<group>"; };
		B4B78C4919653814004A59E3 /* outer_ring@2x.png */ = {isa = PBXFileReference; lastKnownFileType = image.png; path = "outer_ring@2x.png"; sourceTree = "<group>"; };
		B4B78C4C19655CB6004A59E3 /* light_ring@2x.png */ = {isa = PBXFileReference; lastKnownFileType = image.png; path = "light_ring@2x.png"; sourceTree = "<group>"; };
		B4B78C4D19655CB6004A59E3 /* light_scale@2x.png */ = {isa = PBXFileReference; lastKnownFileType = image.png; path = "light_scale@2x.png"; sourceTree = "<group>"; };
		B4B78C4E19655CB6004A59E3 /* pic_scale@2x.png */ = {isa = PBXFileReference; lastKnownFileType = image.png; path = "pic_scale@2x.png"; sourceTree = "<group>"; };
		B4CFFB3D1964148C00CBF7FD /* CircleRingView.swift */ = {isa = PBXFileReference; fileEncoding = 4; lastKnownFileType = sourcecode.swift; path = CircleRingView.swift; sourceTree = "<group>"; };
/* End PBXFileReference section */

/* Begin PBXFrameworksBuildPhase section */
		B46F4FBF194EF3FC0005D4BB /* Frameworks */ = {
			isa = PBXFrameworksBuildPhase;
			buildActionMask = 2147483647;
			files = (
			);
			runOnlyForDeploymentPostprocessing = 0;
		};
/* End PBXFrameworksBuildPhase section */

/* Begin PBXGroup section */
		B42BB8CA19625F5000FFDA27 /* AFNetworking */ = {
			isa = PBXGroup;
			children = (
				B42BB8CB19625F5000FFDA27 /* AFHTTPRequestOperation.h */,
				B42BB8CC19625F5000FFDA27 /* AFHTTPRequestOperation.m */,
				B42BB8CD19625F5000FFDA27 /* AFHTTPRequestOperationManager.h */,
				B42BB8CE19625F5000FFDA27 /* AFHTTPRequestOperationManager.m */,
				B42BB8CF19625F5000FFDA27 /* AFHTTPSessionManager.h */,
				B42BB8D019625F5000FFDA27 /* AFHTTPSessionManager.m */,
				B42BB8D119625F5000FFDA27 /* AFNetworking.h */,
				B42BB8D219625F5000FFDA27 /* AFNetworkReachabilityManager.h */,
				B42BB8D319625F5000FFDA27 /* AFNetworkReachabilityManager.m */,
				B42BB8D419625F5000FFDA27 /* AFSecurityPolicy.h */,
				B42BB8D519625F5000FFDA27 /* AFSecurityPolicy.m */,
				B42BB8D619625F5000FFDA27 /* AFURLConnectionOperation.h */,
				B42BB8D719625F5000FFDA27 /* AFURLConnectionOperation.m */,
				B42BB8D819625F5000FFDA27 /* AFURLRequestSerialization.h */,
				B42BB8D919625F5000FFDA27 /* AFURLRequestSerialization.m */,
				B42BB8DA19625F5000FFDA27 /* AFURLResponseSerialization.h */,
				B42BB8DB19625F5000FFDA27 /* AFURLResponseSerialization.m */,
				B42BB8DC19625F5000FFDA27 /* AFURLSessionManager.h */,
				B42BB8DD19625F5000FFDA27 /* AFURLSessionManager.m */,
			);
			path = AFNetworking;
			sourceTree = "<group>";
		};
		B42BB8E71962601800FFDA27 /* KeyChainHelper */ = {
			isa = PBXGroup;
			children = (
				B42BB8E81962601800FFDA27 /* KeyChainHelper.h */,
				B42BB8E91962601800FFDA27 /* KeyChainHelper.m */,
			);
			path = KeyChainHelper;
			sourceTree = "<group>";
		};
		B46F4FB9194EF3FC0005D4BB = {
			isa = PBXGroup;
			children = (
				B46F4FC4194EF3FC0005D4BB /* SwiftLearning */,
				B46F4FC3194EF3FC0005D4BB /* Products */,
			);
			sourceTree = "<group>";
		};
		B46F4FC3194EF3FC0005D4BB /* Products */ = {
			isa = PBXGroup;
			children = (
				B46F4FC2194EF3FC0005D4BB /* Lighting.app */,
			);
			name = Products;
			sourceTree = "<group>";
		};
		B46F4FC4194EF3FC0005D4BB /* SwiftLearning */ = {
			isa = PBXGroup;
			children = (
				B4B78C4019653369004A59E3 /* Resource */,
				B477A93519612E0E00DC905D /* Views */,
				B46F4FED194F033C0005D4BB /* OC */,
				B46F4FC7194EF3FC0005D4BB /* AppDelegate.swift */,
				B46F4FC9194EF3FC0005D4BB /* FirstViewController.swift */,
				B46F4FCB194EF3FC0005D4BB /* SecondViewController.swift */,
				B46F4FCD194EF3FC0005D4BB /* Main.storyboard */,
				B46F4FD0194EF3FC0005D4BB /* Images.xcassets */,
				B46F4FC5194EF3FC0005D4BB /* Supporting Files */,
				B46F4FE7194EF5E50005D4BB /* File.c */,
				B46F4FE6194EF5E50005D4BB /* SwiftLearning-Bridging-Header.h */,
			);
			path = SwiftLearning;
			sourceTree = "<group>";
		};
		B46F4FC5194EF3FC0005D4BB /* Supporting Files */ = {
			isa = PBXGroup;
			children = (
				B46F4FC6194EF3FC0005D4BB /* Info.plist */,
			);
			name = "Supporting Files";
			sourceTree = "<group>";
		};
		B46F4FED194F033C0005D4BB /* OC */ = {
			isa = PBXGroup;
			children = (
				B42BB8E71962601800FFDA27 /* KeyChainHelper */,
				B42BB8CA19625F5000FFDA27 /* AFNetworking */,
				B42BB8C719625E7700FFDA27 /* HKAnimation.h */,
				B42BB8C819625E7700FFDA27 /* HKAnimation.m */,
				B46F4FF1194F03C00005D4BB /* HKDefines.h */,
				B46F4FEE194F033C0005D4BB /* HKUtility.h */,
				B46F4FEF194F033C0005D4BB /* HKUtility.m */,
			);
			path = OC;
			sourceTree = "<group>";
		};
		B477A93519612E0E00DC905D /* Views */ = {
			isa = PBXGroup;
			children = (
				B477A93619612E2800DC905D /* WaterView.swift */,
				B477A9391961451100DC905D /* CircleView.swift */,
				B4CFFB3D1964148C00CBF7FD /* CircleRingView.swift */,
			);
			name = Views;
			sourceTree = "<group>";
		};
		B4B78C4019653369004A59E3 /* Resource */ = {
			isa = PBXGroup;
			children = (
				B43C45EE1966545700F0229F /* Default-568h@2x.png */,
				B43C45EF1966545700F0229F /* Default@2x.png */,
				B4B78C4119653369004A59E3 /* images */,
			);
			path = Resource;
			sourceTree = "<group>";
		};
		B4B78C4119653369004A59E3 /* images */ = {
			isa = PBXGroup;
			children = (
				B49189D2196A31E800ABDCED /* light_scale_h@2x.png */,
				B4B78C4C19655CB6004A59E3 /* light_ring@2x.png */,
				B4B78C4D19655CB6004A59E3 /* light_scale@2x.png */,
				B4B78C4E19655CB6004A59E3 /* pic_scale@2x.png */,
				B4B78C4819653814004A59E3 /* inner_ring@2x.png */,
				B4B78C4919653814004A59E3 /* outer_ring@2x.png */,
				B4B78C4219653369004A59E3 /* bg_iphone4@2x.png */,
				B4B78C4319653369004A59E3 /* bg_iphone5@2x.png */,
				B4B78C4419653369004A59E3 /* circle_base@2x.png */,
			);
			path = images;
			sourceTree = "<group>";
		};
/* End PBXGroup section */

/* Begin PBXNativeTarget section */
		B46F4FC1194EF3FC0005D4BB /* Lighting */ = {
			isa = PBXNativeTarget;
			buildConfigurationList = B46F4FE0194EF3FC0005D4BB /* Build configuration list for PBXNativeTarget "Lighting" */;
			buildPhases = (
				B46F4FBE194EF3FC0005D4BB /* Sources */,
				B46F4FBF194EF3FC0005D4BB /* Frameworks */,
				B46F4FC0194EF3FC0005D4BB /* Resources */,
			);
			buildRules = (
			);
			dependencies = (
			);
			name = Lighting;
			productName = SwiftLearning;
			productReference = B46F4FC2194EF3FC0005D4BB /* Lighting.app */;
			productType = "com.apple.product-type.application";
		};
/* End PBXNativeTarget section */

/* Begin PBXProject section */
		B46F4FBA194EF3FC0005D4BB /* Project object */ = {
			isa = PBXProject;
			attributes = {
				LastUpgradeCheck = 0600;
				ORGANIZATIONNAME = dianxinOS;
				TargetAttributes = {
					B46F4FC1194EF3FC0005D4BB = {
						CreatedOnToolsVersion = 6.0;
					};
				};
			};
			buildConfigurationList = B46F4FBD194EF3FC0005D4BB /* Build configuration list for PBXProject "Lighting" */;
			compatibilityVersion = "Xcode 3.2";
			developmentRegion = English;
			hasScannedForEncodings = 0;
			knownRegions = (
				en,
				Base,
			);
			mainGroup = B46F4FB9194EF3FC0005D4BB;
			productRefGroup = B46F4FC3194EF3FC0005D4BB /* Products */;
			projectDirPath = "";
			projectRoot = "";
			targets = (
				B46F4FC1194EF3FC0005D4BB /* Lighting */,
			);
		};
/* End PBXProject section */

/* Begin PBXResourcesBuildPhase section */
		B46F4FC0194EF3FC0005D4BB /* Resources */ = {
			isa = PBXResourcesBuildPhase;
			buildActionMask = 2147483647;
			files = (
				B43C45F11966545700F0229F /* Default@2x.png in Resources */,
				B4B78C4B19653814004A59E3 /* outer_ring@2x.png in Resources */,
				B49189D3196A31E800ABDCED /* light_scale_h@2x.png in Resources */,
				B43C45F01966545700F0229F /* Default-568h@2x.png in Resources */,
				B46F4FCF194EF3FC0005D4BB /* Main.storyboard in Resources */,
				B46F4FD1194EF3FC0005D4BB /* Images.xcassets in Resources */,
				B4B78C4619653369004A59E3 /* bg_iphone5@2x.png in Resources */,
				B4B78C5119655CB6004A59E3 /* pic_scale@2x.png in Resources */,
				B4B78C4A19653814004A59E3 /* inner_ring@2x.png in Resources */,
				B4B78C4F19655CB6004A59E3 /* light_ring@2x.png in Resources */,
				B4B78C4719653369004A59E3 /* circle_base@2x.png in Resources */,
				B4B78C4519653369004A59E3 /* bg_iphone4@2x.png in Resources */,
				B4B78C5019655CB6004A59E3 /* light_scale@2x.png in Resources */,
			);
			runOnlyForDeploymentPostprocessing = 0;
		};
/* End PBXResourcesBuildPhase section */

/* Begin PBXSourcesBuildPhase section */
		B46F4FBE194EF3FC0005D4BB /* Sources */ = {
			isa = PBXSourcesBuildPhase;
			buildActionMask = 2147483647;
			files = (
				B42BB8E619625F5000FFDA27 /* AFURLSessionManager.m in Sources */,
				B42BB8E319625F5000FFDA27 /* AFURLConnectionOperation.m in Sources */,
				B42BB8DE19625F5000FFDA27 /* AFHTTPRequestOperation.m in Sources */,
				B46F4FF0194F033C0005D4BB /* HKUtility.m in Sources */,
				B42BB8DF19625F5000FFDA27 /* AFHTTPRequestOperationManager.m in Sources */,
				B46F4FCC194EF3FC0005D4BB /* SecondViewController.swift in Sources */,
				B46F4FC8194EF3FC0005D4BB /* AppDelegate.swift in Sources */,
				B42BB8EA1962601800FFDA27 /* KeyChainHelper.m in Sources */,
				B42BB8E019625F5000FFDA27 /* AFHTTPSessionManager.m in Sources */,
				B42BB8C919625E7700FFDA27 /* HKAnimation.m in Sources */,
				B46F4FCA194EF3FC0005D4BB /* FirstViewController.swift in Sources */,
				B477A93719612E2800DC905D /* WaterView.swift in Sources */,
				B42BB8E219625F5000FFDA27 /* AFSecurityPolicy.m in Sources */,
				B477A93A1961451100DC905D /* CircleView.swift in Sources */,
				B42BB8E419625F5000FFDA27 /* AFURLRequestSerialization.m in Sources */,
				B42BB8E119625F5000FFDA27 /* AFNetworkReachabilityManager.m in Sources */,
				B42BB8E519625F5000FFDA27 /* AFURLResponseSerialization.m in Sources */,
				B4CFFB3E1964148C00CBF7FD /* CircleRingView.swift in Sources */,
				B46F4FE8194EF5E50005D4BB /* File.c in Sources */,
			);
			runOnlyForDeploymentPostprocessing = 0;
		};
/* End PBXSourcesBuildPhase section */

/* Begin PBXVariantGroup section */
		B46F4FCD194EF3FC0005D4BB /* Main.storyboard */ = {
			isa = PBXVariantGroup;
			children = (
				B46F4FCE194EF3FC0005D4BB /* Base */,
			);
			name = Main.storyboard;
			sourceTree = "<group>";
		};
/* End PBXVariantGroup section */

/* Begin XCBuildConfiguration section */
		B46F4FDE194EF3FC0005D4BB /* Debug */ = {
			isa = XCBuildConfiguration;
			buildSettings = {
				ALWAYS_SEARCH_USER_PATHS = NO;
				CLANG_CXX_LANGUAGE_STANDARD = "gnu++0x";
				CLANG_CXX_LIBRARY = "libc++";
				CLANG_ENABLE_MODULES = YES;
				CLANG_ENABLE_OBJC_ARC = YES;
				CLANG_WARN_BOOL_CONVERSION = YES;
				CLANG_WARN_CONSTANT_CONVERSION = YES;
				CLANG_WARN_DIRECT_OBJC_ISA_USAGE = YES_ERROR;
				CLANG_WARN_EMPTY_BODY = YES;
				CLANG_WARN_ENUM_CONVERSION = YES;
				CLANG_WARN_INT_CONVERSION = YES;
				CLANG_WARN_OBJC_ROOT_CLASS = YES_ERROR;
				CLANG_WARN_UNREACHABLE_CODE = YES;
				CLANG_WARN__DUPLICATE_METHOD_MATCH = YES;
				"CODE_SIGN_IDENTITY[sdk=iphoneos*]" = "iPhone Developer";
				COPY_PHASE_STRIP = NO;
				ENABLE_STRICT_OBJC_MSGSEND = YES;
				GCC_C_LANGUAGE_STANDARD = gnu99;
				GCC_DYNAMIC_NO_PIC = NO;
				GCC_OPTIMIZATION_LEVEL = 0;
				GCC_PREPROCESSOR_DEFINITIONS = (
					"DEBUG=1",
					"$(inherited)",
				);
				GCC_SYMBOLS_PRIVATE_EXTERN = NO;
				GCC_WARN_64_TO_32_BIT_CONVERSION = YES;
				GCC_WARN_ABOUT_RETURN_TYPE = YES_ERROR;
				GCC_WARN_UNDECLARED_SELECTOR = YES;
				GCC_WARN_UNINITIALIZED_AUTOS = YES_AGGRESSIVE;
				GCC_WARN_UNUSED_FUNCTION = YES;
				GCC_WARN_UNUSED_VARIABLE = YES;
				IPHONEOS_DEPLOYMENT_TARGET = 7.0;
				METAL_ENABLE_DEBUG_INFO = YES;
				ONLY_ACTIVE_ARCH = YES;
				SDKROOT = iphoneos;
				SWIFT_OPTIMIZATION_LEVEL = "-Onone";
			};
			name = Debug;
		};
		B46F4FDF194EF3FC0005D4BB /* Release */ = {
			isa = XCBuildConfiguration;
			buildSettings = {
				ALWAYS_SEARCH_USER_PATHS = NO;
				CLANG_CXX_LANGUAGE_STANDARD = "gnu++0x";
				CLANG_CXX_LIBRARY = "libc++";
				CLANG_ENABLE_MODULES = YES;
				CLANG_ENABLE_OBJC_ARC = YES;
				CLANG_WARN_BOOL_CONVERSION = YES;
				CLANG_WARN_CONSTANT_CONVERSION = YES;
				CLANG_WARN_DIRECT_OBJC_ISA_USAGE = YES_ERROR;
				CLANG_WARN_EMPTY_BODY = YES;
				CLANG_WARN_ENUM_CONVERSION = YES;
				CLANG_WARN_INT_CONVERSION = YES;
				CLANG_WARN_OBJC_ROOT_CLASS = YES_ERROR;
				CLANG_WARN_UNREACHABLE_CODE = YES;
				CLANG_WARN__DUPLICATE_METHOD_MATCH = YES;
				"CODE_SIGN_IDENTITY[sdk=iphoneos*]" = "iPhone Developer";
				COPY_PHASE_STRIP = YES;
				ENABLE_NS_ASSERTIONS = NO;
				ENABLE_STRICT_OBJC_MSGSEND = YES;
				GCC_C_LANGUAGE_STANDARD = gnu99;
				GCC_WARN_64_TO_32_BIT_CONVERSION = YES;
				GCC_WARN_ABOUT_RETURN_TYPE = YES_ERROR;
				GCC_WARN_UNDECLARED_SELECTOR = YES;
				GCC_WARN_UNINITIALIZED_AUTOS = YES_AGGRESSIVE;
				GCC_WARN_UNUSED_FUNCTION = YES;
				GCC_WARN_UNUSED_VARIABLE = YES;
				IPHONEOS_DEPLOYMENT_TARGET = 7.0;
				METAL_ENABLE_DEBUG_INFO = NO;
				SDKROOT = iphoneos;
				VALIDATE_PRODUCT = YES;
			};
			name = Release;
		};
		B46F4FE1194EF3FC0005D4BB /* Debug */ = {
			isa = XCBuildConfiguration;
			buildSettings = {
				ASSETCATALOG_COMPILER_APPICON_NAME = AppIcon;
				ASSETCATALOG_COMPILER_LAUNCHIMAGE_NAME = LaunchImage;
				CLANG_ENABLE_MODULES = YES;
				INFOPLIST_FILE = SwiftLearning/Info.plist;
				IPHONEOS_DEPLOYMENT_TARGET = 7.0;
				LD_RUNPATH_SEARCH_PATHS = "$(inherited) @executable_path/Frameworks";
				LIBRARY_SEARCH_PATHS = (
					"$(inherited)",
					"$(PROJECT_DIR)/SwiftLearning/OC/UMeng",
				);
				PRODUCT_NAME = Lighting;
				SWIFT_OBJC_BRIDGING_HEADER = "SwiftLearning/SwiftLearning-Bridging-Header.h";
				SWIFT_OPTIMIZATION_LEVEL = "-Onone";
				TARGETED_DEVICE_FAMILY = "1,2";
			};
			name = Debug;
		};
		B46F4FE2194EF3FC0005D4BB /* Release */ = {
			isa = XCBuildConfiguration;
			buildSettings = {
				ASSETCATALOG_COMPILER_APPICON_NAME = AppIcon;
				ASSETCATALOG_COMPILER_LAUNCHIMAGE_NAME = LaunchImage;
				CLANG_ENABLE_MODULES = YES;
				INFOPLIST_FILE = SwiftLearning/Info.plist;
				IPHONEOS_DEPLOYMENT_TARGET = 7.0;
				LD_RUNPATH_SEARCH_PATHS = "$(inherited) @executable_path/Frameworks";
				LIBRARY_SEARCH_PATHS = (
					"$(inherited)",
					"$(PROJECT_DIR)/SwiftLearning/OC/UMeng",
				);
				PRODUCT_NAME = Lighting;
				SWIFT_OBJC_BRIDGING_HEADER = "SwiftLearning/SwiftLearning-Bridging-Header.h";
				TARGETED_DEVICE_FAMILY = "1,2";
			};
			name = Release;
		};
/* End XCBuildConfiguration section */

/* Begin XCConfigurationList section */
		B46F4FBD194EF3FC0005D4BB /* Build configuration list for PBXProject "Lighting" */ = {
			isa = XCConfigurationList;
			buildConfigurations = (
				B46F4FDE194EF3FC0005D4BB /* Debug */,
				B46F4FDF194EF3FC0005D4BB /* Release */,
			);
			defaultConfigurationIsVisible = 0;
			defaultConfigurationName = Release;
		};
		B46F4FE0194EF3FC0005D4BB /* Build configuration list for PBXNativeTarget "Lighting" */ = {
			isa = XCConfigurationList;
			buildConfigurations = (
				B46F4FE1194EF3FC0005D4BB /* Debug */,
				B46F4FE2194EF3FC0005D4BB /* Release */,
			);
			defaultConfigurationIsVisible = 0;
			defaultConfigurationName = Release;
		};
/* End XCConfigurationList section */
	};
	rootObject = B46F4FBA194EF3FC0005D4BB /* Project object */;
}
